
Microsoft Visual Studio Solution File, Format Version 12.00
# Visual Studio Version 17
VisualStudioVersion = 17.4.33403.182
MinimumVisualStudioVersion = 10.0.40219.1
Project("{9A19103F-16F7-4668-BE54-9A1E7A4F7556}") = "SFactions", "SFactions\SFactions.csproj", "{1B8A3B86-03A6-4FA8-B92B-CE6A5CAF25EA}"
EndProject
Global
	GlobalSection(SolutionConfigurationPlatforms) = preSolution
		Debug|Any CPU = Debug|Any CPU
		Debug|x64 = Debug|x64
		Release|Any CPU = Release|Any CPU
		Release|x64 = Release|x64
	EndGlobalSection
	GlobalSection(ProjectConfigurationPlatforms) = postSolution
		{1B8A3B86-03A6-4FA8-B92B-CE6A5CAF25EA}.Debug|Any CPU.ActiveCfg = Debug|Any CPU
		{1B8A3B86-03A6-4FA8-B92B-CE6A5CAF25EA}.Debug|Any CPU.Build.0 = Debug|Any CPU
		{1B8A3B86-03A6-4FA8-B92B-CE6A5CAF25EA}.Debug|x64.ActiveCfg = Debug|x64
		{1B8A3B86-03A6-4FA8-B92B-CE6A5CAF25EA}.Debug|x64.Build.0 = Debug|x64
		{1B8A3B86-03A6-4FA8-B92B-CE6A5CAF25EA}.Release|Any CPU.ActiveCfg = Release|Any CPU
		{1B8A3B86-03A6-4FA8-B92B-CE6A5CAF25EA}.Release|Any CPU.Build.0 = Release|Any CPU
		{1B8A3B86-03A6-4FA8-B92B-CE6A5CAF25EA}.Release|x64.ActiveCfg = Release|x64
		{1B8A3B86-03A6-4FA8-B92B-CE6A5CAF25EA}.Release|x64.Build.0 = Release|x64
	EndGlobalSection
	GlobalSection(SolutionProperties) = preSolution
		HideSolutionNode = FALSE
	EndGlobalSection
	GlobalSection(ExtensibilityGlobals) = postSolution
		SolutionGuid = {94FE527D-89E9-4548-A971-9E81365C9BC1}
	EndGlobalSection
EndGlobal
